// !$*UTF8*$!
{
	archiveVersion = 1;
	classes = {
	};
	objectVersion = 48;
	objects = {

/* Begin PBXBuildFile section */
		21010095242D4CBC0010ED8D /* YPDIndividualInsightSummaryView.swift in Sources */ = {isa = PBXBuildFile; fileRef = 21010094242D4CBC0010ED8D /* YPDIndividualInsightSummaryView.swift */; };
		2101009B242EA0D70010ED8D /* YPDInsightProgressBarView.swift in Sources */ = {isa = PBXBuildFile; fileRef = 2101009A242EA0D70010ED8D /* YPDInsightProgressBarView.swift */; };
		2110620C243A374E00348E78 /* YPDInsightsViewController.swift in Sources */ = {isa = PBXBuildFile; fileRef = 2110620B243A374E00348E78 /* YPDInsightsViewController.swift */; };
		2127B00F2430E5B900B8D0B1 /* YPDSummaryIndividualMetricInsightView.swift in Sources */ = {isa = PBXBuildFile; fileRef = 2127B00E2430E5B900B8D0B1 /* YPDSummaryIndividualMetricInsightView.swift */; };
		2127B0112430E67F00B8D0B1 /* Extensions.swift in Sources */ = {isa = PBXBuildFile; fileRef = 2127B0102430E67F00B8D0B1 /* Extensions.swift */; };
		212B86C7239D477600CE9C41 /* HealthKit.framework in Frameworks */ = {isa = PBXBuildFile; fileRef = 212B86C6239D477600CE9C41 /* HealthKit.framework */; settings = {ATTRIBUTES = (Weak, ); }; };
		212B86C9239D483500CE9C41 /* BensonHealthManager.swift in Sources */ = {isa = PBXBuildFile; fileRef = 212B86C8239D483500CE9C41 /* BensonHealthManager.swift */; };
		212EEE992318685D00C01AD8 /* BensonButton.swift in Sources */ = {isa = PBXBuildFile; fileRef = 212EEE982318685D00C01AD8 /* BensonButton.swift */; };
		2132F659247B0F8500712616 /* YPDSummaryViewController.swift in Sources */ = {isa = PBXBuildFile; fileRef = 2132F658247B0F8500712616 /* YPDSummaryViewController.swift */; };
		213436E423098A42006B1CA8 /* AppDelegate.swift in Sources */ = {isa = PBXBuildFile; fileRef = 213436E323098A42006B1CA8 /* AppDelegate.swift */; };
		213436E623098A42006B1CA8 /* RecordViewController.swift in Sources */ = {isa = PBXBuildFile; fileRef = 213436E523098A42006B1CA8 /* RecordViewController.swift */; };
		213436EB23098A42006B1CA8 /* Main.storyboard in Resources */ = {isa = PBXBuildFile; fileRef = 213436E923098A42006B1CA8 /* Main.storyboard */; };
		213436ED23098A43006B1CA8 /* Assets.xcassets in Resources */ = {isa = PBXBuildFile; fileRef = 213436EC23098A43006B1CA8 /* Assets.xcassets */; };
		213436F023098A43006B1CA8 /* LaunchScreen.storyboard in Resources */ = {isa = PBXBuildFile; fileRef = 213436EE23098A43006B1CA8 /* LaunchScreen.storyboard */; };
		213436F82309A764006B1CA8 /* GradientView.swift in Sources */ = {isa = PBXBuildFile; fileRef = 213436F72309A764006B1CA8 /* GradientView.swift */; };
		213436FC2309AD9F006B1CA8 /* MetricPromptView.swift in Sources */ = {isa = PBXBuildFile; fileRef = 213436FB2309AD9F006B1CA8 /* MetricPromptView.swift */; };
		2136C98B249D422900ECE95E /* YPDTabBarView.swift in Sources */ = {isa = PBXBuildFile; fileRef = 2136C98A249D422900ECE95E /* YPDTabBarView.swift */; };
		21471735239C4E2300E4226F /* Notifications.swift in Sources */ = {isa = PBXBuildFile; fileRef = 21471734239C4E2300E4226F /* Notifications.swift */; };
		2149410F249E305600EEF05A /* YPDModel.swift in Sources */ = {isa = PBXBuildFile; fileRef = 2149410E249E305600EEF05A /* YPDModel.swift */; };
		21532F542472FE600054AC84 /* YPDSummaryView.swift in Sources */ = {isa = PBXBuildFile; fileRef = 21532F532472FE600054AC84 /* YPDSummaryView.swift */; };
		21532F58247305040054AC84 /* StaticData.swift in Sources */ = {isa = PBXBuildFile; fileRef = 21532F57247305040054AC84 /* StaticData.swift */; };
		21532F5A24730B1F0054AC84 /* Chart.swift in Sources */ = {isa = PBXBuildFile; fileRef = 21532F5924730B1F0054AC84 /* Chart.swift */; };
		21532F5F24730F660054AC84 /* OCKCartesianChartViewWrapper.swift in Sources */ = {isa = PBXBuildFile; fileRef = 21532F5E24730F660054AC84 /* OCKCartesianChartViewWrapper.swift */; };
		215F316224119B520093409F /* YPDRecordViewController.swift in Sources */ = {isa = PBXBuildFile; fileRef = 215F316124119B520093409F /* YPDRecordViewController.swift */; };
		216CAA70237A010E004D6B8E /* YPDCheckin.swift in Sources */ = {isa = PBXBuildFile; fileRef = 216CAA6F237A010E004D6B8E /* YPDCheckin.swift */; };
		216CE749248401A400B195C6 /* YPDSubmitCheckinViewController.swift in Sources */ = {isa = PBXBuildFile; fileRef = 216CE748248401A400B195C6 /* YPDSubmitCheckinViewController.swift */; };
		21734668240AC7C100B22219 /* BensonChartView.swift in Sources */ = {isa = PBXBuildFile; fileRef = 21734667240AC7C100B22219 /* BensonChartView.swift */; };
		21734671240AF9C700B22219 /* Sample.swift in Sources */ = {isa = PBXBuildFile; fileRef = 21734670240AF9C700B22219 /* Sample.swift */; };
		218241B92482DC8500B85C3E /* YPDButton.swift in Sources */ = {isa = PBXBuildFile; fileRef = 218241B82482DC8500B85C3E /* YPDButton.swift */; };
		218241BD2482E43200B85C3E /* YPDCheckinPromptView.swift in Sources */ = {isa = PBXBuildFile; fileRef = 218241BC2482E43200B85C3E /* YPDCheckinPromptView.swift */; };
		2184B020238D11F900FE96EA /* Fetcher.swift in Sources */ = {isa = PBXBuildFile; fileRef = 2184B01F238D11F900FE96EA /* Fetcher.swift */; };
		21880FBB23806ED000A02055 /* MetricCellValueComponent.swift in Sources */ = {isa = PBXBuildFile; fileRef = 21880FBA23806ED000A02055 /* MetricCellValueComponent.swift */; };
		21880FC1238093B100A02055 /* MetricCellValueComponent.xib in Resources */ = {isa = PBXBuildFile; fileRef = 21880FC0238093B100A02055 /* MetricCellValueComponent.xib */; };
		21938DBE2315552C0066B90B /* LogViewController.swift in Sources */ = {isa = PBXBuildFile; fileRef = 21938DBD2315552C0066B90B /* LogViewController.swift */; };
		21938DC023155E690066B90B /* TabBarViewController.swift in Sources */ = {isa = PBXBuildFile; fileRef = 21938DBF23155E690066B90B /* TabBarViewController.swift */; };
		219C7D722482CAC50052AF72 /* YPDAttributePicker.swift in Sources */ = {isa = PBXBuildFile; fileRef = 219C7D712482CAC50052AF72 /* YPDAttributePicker.swift */; };
		21AF6BB424785E2C001F4E30 /* sample_chart_data.json in Resources */ = {isa = PBXBuildFile; fileRef = 21AF6BB324785E2C001F4E30 /* sample_chart_data.json */; };
		21B0D6E7249E2A310080B58A /* YPDTabBarViewController.swift in Sources */ = {isa = PBXBuildFile; fileRef = 21B0D6E6249E2A310080B58A /* YPDTabBarViewController.swift */; };
		21BD462424819E1F0077DCD7 /* Constants.swift in Sources */ = {isa = PBXBuildFile; fileRef = 21BD462324819E1F0077DCD7 /* Constants.swift */; };
		21BD46262481A3900077DCD7 /* YPDCheckinsView.swift in Sources */ = {isa = PBXBuildFile; fileRef = 21BD46252481A3900077DCD7 /* YPDCheckinsView.swift */; };
		21BF588524B655D0009F6B1B /* YPDInsightsView.swift in Sources */ = {isa = PBXBuildFile; fileRef = 21BF588424B655D0009F6B1B /* YPDInsightsView.swift */; };
		21C58F372327BCBB007EE5F1 /* CheckinCollectionViewCell.swift in Sources */ = {isa = PBXBuildFile; fileRef = 21C58F362327BCBB007EE5F1 /* CheckinCollectionViewCell.swift */; };
		21CEB34124BA1B1000F19C46 /* YPDInsight.swift in Sources */ = {isa = PBXBuildFile; fileRef = 21CEB34024BA1B1000F19C46 /* YPDInsight.swift */; };
		21DF333C2482CCCE00D18EBC /* YPDTimeUnitPicker.swift in Sources */ = {isa = PBXBuildFile; fileRef = 21DF333B2482CCCE00D18EBC /* YPDTimeUnitPicker.swift */; };
		21DF333E2482D31800D18EBC /* YPDSubmitCheckinView.swift in Sources */ = {isa = PBXBuildFile; fileRef = 21DF333D2482D31800D18EBC /* YPDSubmitCheckinView.swift */; };
		21E2F35F24684F5C00EFB205 /* Alamofire.framework in Frameworks */ = {isa = PBXBuildFile; fileRef = 21E2F35E24684F5B00EFB205 /* Alamofire.framework */; };
		21E2F3642468508400EFB205 /* CareKit.framework in Frameworks */ = {isa = PBXBuildFile; fileRef = 21E2F3632468508400EFB205 /* CareKit.framework */; };
		21E2F3682468508A00EFB205 /* CareKitStore.framework in Frameworks */ = {isa = PBXBuildFile; fileRef = 21E2F3672468508900EFB205 /* CareKitStore.framework */; };
		21E2F36B2468508D00EFB205 /* CareKitUI.framework in Frameworks */ = {isa = PBXBuildFile; fileRef = 21E2F36A2468508D00EFB205 /* CareKitUI.framework */; };
		21E2F36E2468512200EFB205 /* ResearchKit.framework in Frameworks */ = {isa = PBXBuildFile; fileRef = 21E2F36D2468512200EFB205 /* ResearchKit.framework */; };
		21E2F3722468518C00EFB205 /* SwiftyJSON.framework in Frameworks */ = {isa = PBXBuildFile; fileRef = 21E2F3712468518C00EFB205 /* SwiftyJSON.framework */; };
		21E2F376246878AF00EFB205 /* YPDRecentCheckinView.swift in Sources */ = {isa = PBXBuildFile; fileRef = 21E2F375246878AF00EFB205 /* YPDRecentCheckinView.swift */; };
		21E2F37824687A3F00EFB205 /* YPDProgressBar.swift in Sources */ = {isa = PBXBuildFile; fileRef = 21E2F37724687A3F00EFB205 /* YPDProgressBar.swift */; };
		21F8C30E24BA260B00F7B3BB /* moment.swift in Sources */ = {isa = PBXBuildFile; fileRef = 21F8C30D24BA260B00F7B3BB /* moment.swift */; };
		21F8C31024BA262700F7B3BB /* moment-with-locales.min.js in Resources */ = {isa = PBXBuildFile; fileRef = 21F8C30F24BA262700F7B3BB /* moment-with-locales.min.js */; };
		21FEE7D324C4E18700C6207A /* YPDRecentCheckinsView.swift in Sources */ = {isa = PBXBuildFile; fileRef = 21FEE7D224C4E18600C6207A /* YPDRecentCheckinsView.swift */; };
		21FEE7D524C4E7A000C6207A /* YPDCardView.swift in Sources */ = {isa = PBXBuildFile; fileRef = 21FEE7D424C4E7A000C6207A /* YPDCardView.swift */; };
/* End PBXBuildFile section */

/* Begin PBXCopyFilesBuildPhase section */
		21743E8423D0FE9600F49CC3 /* Embed Watch Content */ = {
			isa = PBXCopyFilesBuildPhase;
			buildActionMask = 2147483647;
			dstPath = "$(CONTENTS_FOLDER_PATH)/Watch";
			dstSubfolderSpec = 16;
			files = (
			);
			name = "Embed Watch Content";
			runOnlyForDeploymentPostprocessing = 0;
		};
		217B615724B9E8FF00E88B04 /* Embed App Extensions */ = {
			isa = PBXCopyFilesBuildPhase;
			buildActionMask = 2147483647;
			dstPath = "";
			dstSubfolderSpec = 13;
			files = (
			);
			name = "Embed App Extensions";
			runOnlyForDeploymentPostprocessing = 0;
		};
/* End PBXCopyFilesBuildPhase section */

/* Begin PBXFileReference section */
		21010094242D4CBC0010ED8D /* YPDIndividualInsightSummaryView.swift */ = {isa = PBXFileReference; lastKnownFileType = sourcecode.swift; name = YPDIndividualInsightSummaryView.swift; path = /Users/aaronbaw/Code/Benson/Benson/Views/YPDIndividualInsightSummaryView.swift; sourceTree = "<absolute>"; };
		2101009A242EA0D70010ED8D /* YPDInsightProgressBarView.swift */ = {isa = PBXFileReference; lastKnownFileType = sourcecode.swift; path = YPDInsightProgressBarView.swift; sourceTree = "<group>"; };
		2110620B243A374E00348E78 /* YPDInsightsViewController.swift */ = {isa = PBXFileReference; lastKnownFileType = sourcecode.swift; path = YPDInsightsViewController.swift; sourceTree = "<group>"; };
		2127B00E2430E5B900B8D0B1 /* YPDSummaryIndividualMetricInsightView.swift */ = {isa = PBXFileReference; lastKnownFileType = sourcecode.swift; path = YPDSummaryIndividualMetricInsightView.swift; sourceTree = "<group>"; };
		2127B0102430E67F00B8D0B1 /* Extensions.swift */ = {isa = PBXFileReference; lastKnownFileType = sourcecode.swift; path = Extensions.swift; sourceTree = "<group>"; };
		212B86C5239D477600CE9C41 /* Benson.entitlements */ = {isa = PBXFileReference; lastKnownFileType = text.plist.entitlements; path = Benson.entitlements; sourceTree = "<group>"; };
		212B86C6239D477600CE9C41 /* HealthKit.framework */ = {isa = PBXFileReference; lastKnownFileType = wrapper.framework; name = HealthKit.framework; path = System/Library/Frameworks/HealthKit.framework; sourceTree = SDKROOT; };
		212B86C8239D483500CE9C41 /* BensonHealthManager.swift */ = {isa = PBXFileReference; lastKnownFileType = sourcecode.swift; path = BensonHealthManager.swift; sourceTree = "<group>"; };
		212EEE982318685D00C01AD8 /* BensonButton.swift */ = {isa = PBXFileReference; lastKnownFileType = sourcecode.swift; path = BensonButton.swift; sourceTree = "<group>"; };
		2132F658247B0F8500712616 /* YPDSummaryViewController.swift */ = {isa = PBXFileReference; lastKnownFileType = sourcecode.swift; path = YPDSummaryViewController.swift; sourceTree = "<group>"; };
		213436E023098A42006B1CA8 /* Benson.app */ = {isa = PBXFileReference; explicitFileType = wrapper.application; includeInIndex = 0; path = Benson.app; sourceTree = BUILT_PRODUCTS_DIR; };
		213436E323098A42006B1CA8 /* AppDelegate.swift */ = {isa = PBXFileReference; lastKnownFileType = sourcecode.swift; path = AppDelegate.swift; sourceTree = "<group>"; };
		213436E523098A42006B1CA8 /* RecordViewController.swift */ = {isa = PBXFileReference; lastKnownFileType = sourcecode.swift; path = RecordViewController.swift; sourceTree = "<group>"; };
		213436EA23098A42006B1CA8 /* Base */ = {isa = PBXFileReference; lastKnownFileType = file.storyboard; name = Base; path = Base.lproj/Main.storyboard; sourceTree = "<group>"; };
		213436EC23098A43006B1CA8 /* Assets.xcassets */ = {isa = PBXFileReference; lastKnownFileType = folder.assetcatalog; path = Assets.xcassets; sourceTree = "<group>"; };
		213436EF23098A43006B1CA8 /* Base */ = {isa = PBXFileReference; lastKnownFileType = file.storyboard; name = Base; path = Base.lproj/LaunchScreen.storyboard; sourceTree = "<group>"; };
		213436F123098A43006B1CA8 /* Info.plist */ = {isa = PBXFileReference; lastKnownFileType = text.plist.xml; path = Info.plist; sourceTree = "<group>"; };
		213436F72309A764006B1CA8 /* GradientView.swift */ = {isa = PBXFileReference; lastKnownFileType = sourcecode.swift; path = GradientView.swift; sourceTree = "<group>"; };
		213436FB2309AD9F006B1CA8 /* MetricPromptView.swift */ = {isa = PBXFileReference; lastKnownFileType = sourcecode.swift; path = MetricPromptView.swift; sourceTree = "<group>"; };
		2136C98A249D422900ECE95E /* YPDTabBarView.swift */ = {isa = PBXFileReference; lastKnownFileType = sourcecode.swift; path = YPDTabBarView.swift; sourceTree = "<group>"; };
		21471734239C4E2300E4226F /* Notifications.swift */ = {isa = PBXFileReference; lastKnownFileType = sourcecode.swift; path = Notifications.swift; sourceTree = "<group>"; };
		2149410E249E305600EEF05A /* YPDModel.swift */ = {isa = PBXFileReference; lastKnownFileType = sourcecode.swift; path = YPDModel.swift; sourceTree = "<group>"; };
		21532F532472FE600054AC84 /* YPDSummaryView.swift */ = {isa = PBXFileReference; lastKnownFileType = sourcecode.swift; path = YPDSummaryView.swift; sourceTree = "<group>"; };
		21532F57247305040054AC84 /* StaticData.swift */ = {isa = PBXFileReference; lastKnownFileType = sourcecode.swift; path = StaticData.swift; sourceTree = "<group>"; };
		21532F5924730B1F0054AC84 /* Chart.swift */ = {isa = PBXFileReference; lastKnownFileType = sourcecode.swift; path = Chart.swift; sourceTree = "<group>"; };
		21532F5E24730F660054AC84 /* OCKCartesianChartViewWrapper.swift */ = {isa = PBXFileReference; lastKnownFileType = sourcecode.swift; path = OCKCartesianChartViewWrapper.swift; sourceTree = "<group>"; };
		215F316124119B520093409F /* YPDRecordViewController.swift */ = {isa = PBXFileReference; lastKnownFileType = sourcecode.swift; path = YPDRecordViewController.swift; sourceTree = "<group>"; };
		216CAA6F237A010E004D6B8E /* YPDCheckin.swift */ = {isa = PBXFileReference; lastKnownFileType = sourcecode.swift; path = YPDCheckin.swift; sourceTree = "<group>"; };
		216CE748248401A400B195C6 /* YPDSubmitCheckinViewController.swift */ = {isa = PBXFileReference; lastKnownFileType = sourcecode.swift; path = YPDSubmitCheckinViewController.swift; sourceTree = "<group>"; };
		21734667240AC7C100B22219 /* BensonChartView.swift */ = {isa = PBXFileReference; lastKnownFileType = sourcecode.swift; path = BensonChartView.swift; sourceTree = "<group>"; };
		21734670240AF9C700B22219 /* Sample.swift */ = {isa = PBXFileReference; lastKnownFileType = sourcecode.swift; path = Sample.swift; sourceTree = "<group>"; };
		21743E6223D0FE8C00F49CC3 /* Base */ = {isa = PBXFileReference; lastKnownFileType = file.storyboard; name = Base; path = Base.lproj/Interface.storyboard; sourceTree = "<group>"; };
		21743E6423D0FE9400F49CC3 /* Assets.xcassets */ = {isa = PBXFileReference; lastKnownFileType = folder.assetcatalog; path = Assets.xcassets; sourceTree = "<group>"; };
		21743E6623D0FE9400F49CC3 /* Info.plist */ = {isa = PBXFileReference; lastKnownFileType = text.plist.xml; path = Info.plist; sourceTree = "<group>"; };
		21743E7023D0FE9400F49CC3 /* ContentView.swift */ = {isa = PBXFileReference; lastKnownFileType = sourcecode.swift; path = ContentView.swift; sourceTree = "<group>"; };
		21743E7223D0FE9400F49CC3 /* HostingController.swift */ = {isa = PBXFileReference; lastKnownFileType = sourcecode.swift; path = HostingController.swift; sourceTree = "<group>"; };
		21743E7423D0FE9400F49CC3 /* ExtensionDelegate.swift */ = {isa = PBXFileReference; lastKnownFileType = sourcecode.swift; path = ExtensionDelegate.swift; sourceTree = "<group>"; };
		21743E7623D0FE9400F49CC3 /* NotificationController.swift */ = {isa = PBXFileReference; lastKnownFileType = sourcecode.swift; path = NotificationController.swift; sourceTree = "<group>"; };
		21743E7823D0FE9400F49CC3 /* NotificationView.swift */ = {isa = PBXFileReference; lastKnownFileType = sourcecode.swift; path = NotificationView.swift; sourceTree = "<group>"; };
		21743E7A23D0FE9600F49CC3 /* Assets.xcassets */ = {isa = PBXFileReference; lastKnownFileType = folder.assetcatalog; path = Assets.xcassets; sourceTree = "<group>"; };
		21743E7D23D0FE9600F49CC3 /* Preview Assets.xcassets */ = {isa = PBXFileReference; lastKnownFileType = folder.assetcatalog; path = "Preview Assets.xcassets"; sourceTree = "<group>"; };
		21743E7F23D0FE9600F49CC3 /* Info.plist */ = {isa = PBXFileReference; lastKnownFileType = text.plist.xml; path = Info.plist; sourceTree = "<group>"; };
		21743E8023D0FE9600F49CC3 /* PushNotificationPayload.apns */ = {isa = PBXFileReference; lastKnownFileType = text; path = PushNotificationPayload.apns; sourceTree = "<group>"; };
		217B614724B9E8FD00E88B04 /* WidgetKit.framework */ = {isa = PBXFileReference; lastKnownFileType = wrapper.framework; name = WidgetKit.framework; path = System/Library/Frameworks/WidgetKit.framework; sourceTree = SDKROOT; };
		217B614924B9E8FD00E88B04 /* SwiftUI.framework */ = {isa = PBXFileReference; lastKnownFileType = wrapper.framework; name = SwiftUI.framework; path = System/Library/Frameworks/SwiftUI.framework; sourceTree = SDKROOT; };
		218241B82482DC8500B85C3E /* YPDButton.swift */ = {isa = PBXFileReference; lastKnownFileType = sourcecode.swift; path = YPDButton.swift; sourceTree = "<group>"; };
		218241BC2482E43200B85C3E /* YPDCheckinPromptView.swift */ = {isa = PBXFileReference; lastKnownFileType = sourcecode.swift; path = YPDCheckinPromptView.swift; sourceTree = "<group>"; };
		2184B01F238D11F900FE96EA /* Fetcher.swift */ = {isa = PBXFileReference; lastKnownFileType = sourcecode.swift; path = Fetcher.swift; sourceTree = "<group>"; };
		21880FBA23806ED000A02055 /* MetricCellValueComponent.swift */ = {isa = PBXFileReference; lastKnownFileType = sourcecode.swift; path = MetricCellValueComponent.swift; sourceTree = "<group>"; };
		21880FC0238093B100A02055 /* MetricCellValueComponent.xib */ = {isa = PBXFileReference; lastKnownFileType = file.xib; path = MetricCellValueComponent.xib; sourceTree = "<group>"; };
		21938DBD2315552C0066B90B /* LogViewController.swift */ = {isa = PBXFileReference; lastKnownFileType = sourcecode.swift; path = LogViewController.swift; sourceTree = "<group>"; };
		21938DBF23155E690066B90B /* TabBarViewController.swift */ = {isa = PBXFileReference; lastKnownFileType = sourcecode.swift; path = TabBarViewController.swift; sourceTree = "<group>"; };
		219C7D712482CAC50052AF72 /* YPDAttributePicker.swift */ = {isa = PBXFileReference; lastKnownFileType = sourcecode.swift; path = YPDAttributePicker.swift; sourceTree = "<group>"; };
		21AF6BB324785E2C001F4E30 /* sample_chart_data.json */ = {isa = PBXFileReference; fileEncoding = 4; lastKnownFileType = text.json; path = sample_chart_data.json; sourceTree = "<group>"; };
		21B0D6E6249E2A310080B58A /* YPDTabBarViewController.swift */ = {isa = PBXFileReference; lastKnownFileType = sourcecode.swift; path = YPDTabBarViewController.swift; sourceTree = "<group>"; };
		21BD462324819E1F0077DCD7 /* Constants.swift */ = {isa = PBXFileReference; lastKnownFileType = sourcecode.swift; path = Constants.swift; sourceTree = "<group>"; };
		21BD46252481A3900077DCD7 /* YPDCheckinsView.swift */ = {isa = PBXFileReference; lastKnownFileType = sourcecode.swift; path = YPDCheckinsView.swift; sourceTree = "<group>"; };
		21BF588424B655D0009F6B1B /* YPDInsightsView.swift */ = {isa = PBXFileReference; lastKnownFileType = sourcecode.swift; path = YPDInsightsView.swift; sourceTree = "<group>"; };
		21C58F362327BCBB007EE5F1 /* CheckinCollectionViewCell.swift */ = {isa = PBXFileReference; lastKnownFileType = sourcecode.swift; path = CheckinCollectionViewCell.swift; sourceTree = "<group>"; };
		21CEB34024BA1B1000F19C46 /* YPDInsight.swift */ = {isa = PBXFileReference; lastKnownFileType = sourcecode.swift; path = YPDInsight.swift; sourceTree = "<group>"; };
		21DF333B2482CCCE00D18EBC /* YPDTimeUnitPicker.swift */ = {isa = PBXFileReference; lastKnownFileType = sourcecode.swift; path = YPDTimeUnitPicker.swift; sourceTree = "<group>"; };
		21DF333D2482D31800D18EBC /* YPDSubmitCheckinView.swift */ = {isa = PBXFileReference; lastKnownFileType = sourcecode.swift; path = YPDSubmitCheckinView.swift; sourceTree = "<group>"; };
		21E2F35E24684F5B00EFB205 /* Alamofire.framework */ = {isa = PBXFileReference; lastKnownFileType = wrapper.framework; name = Alamofire.framework; path = Carthage/Build/iOS/Alamofire.framework; sourceTree = "<group>"; };
		21E2F3632468508400EFB205 /* CareKit.framework */ = {isa = PBXFileReference; lastKnownFileType = wrapper.framework; name = CareKit.framework; path = Carthage/Build/iOS/CareKit.framework; sourceTree = "<group>"; };
		21E2F3672468508900EFB205 /* CareKitStore.framework */ = {isa = PBXFileReference; lastKnownFileType = wrapper.framework; name = CareKitStore.framework; path = Carthage/Build/iOS/CareKitStore.framework; sourceTree = "<group>"; };
		21E2F36A2468508D00EFB205 /* CareKitUI.framework */ = {isa = PBXFileReference; lastKnownFileType = wrapper.framework; name = CareKitUI.framework; path = Carthage/Build/iOS/CareKitUI.framework; sourceTree = "<group>"; };
		21E2F36D2468512200EFB205 /* ResearchKit.framework */ = {isa = PBXFileReference; lastKnownFileType = wrapper.framework; name = ResearchKit.framework; path = Carthage/Build/iOS/ResearchKit.framework; sourceTree = "<group>"; };
		21E2F3712468518C00EFB205 /* SwiftyJSON.framework */ = {isa = PBXFileReference; lastKnownFileType = wrapper.framework; name = SwiftyJSON.framework; path = Carthage/Build/iOS/SwiftyJSON.framework; sourceTree = "<group>"; };
		21E2F375246878AF00EFB205 /* YPDRecentCheckinView.swift */ = {isa = PBXFileReference; lastKnownFileType = sourcecode.swift; path = YPDRecentCheckinView.swift; sourceTree = "<group>"; };
		21E2F37724687A3F00EFB205 /* YPDProgressBar.swift */ = {isa = PBXFileReference; lastKnownFileType = sourcecode.swift; path = YPDProgressBar.swift; sourceTree = "<group>"; };
		21F8C30D24BA260B00F7B3BB /* moment.swift */ = {isa = PBXFileReference; lastKnownFileType = sourcecode.swift; path = moment.swift; sourceTree = "<group>"; };
		21F8C30F24BA262700F7B3BB /* moment-with-locales.min.js */ = {isa = PBXFileReference; lastKnownFileType = sourcecode.javascript; path = "moment-with-locales.min.js"; sourceTree = "<group>"; };
		21FEE7D224C4E18600C6207A /* YPDRecentCheckinsView.swift */ = {isa = PBXFileReference; lastKnownFileType = sourcecode.swift; path = YPDRecentCheckinsView.swift; sourceTree = "<group>"; };
		21FEE7D424C4E7A000C6207A /* YPDCardView.swift */ = {isa = PBXFileReference; lastKnownFileType = sourcecode.swift; path = YPDCardView.swift; sourceTree = SOURCE_ROOT; };
/* End PBXFileReference section */

/* Begin PBXFrameworksBuildPhase section */
		213436DD23098A42006B1CA8 /* Frameworks */ = {
			isa = PBXFrameworksBuildPhase;
			buildActionMask = 2147483647;
			files = (
				21E2F36B2468508D00EFB205 /* CareKitUI.framework in Frameworks */,
				21E2F3642468508400EFB205 /* CareKit.framework in Frameworks */,
				21E2F36E2468512200EFB205 /* ResearchKit.framework in Frameworks */,
				212B86C7239D477600CE9C41 /* HealthKit.framework in Frameworks */,
				21E2F3722468518C00EFB205 /* SwiftyJSON.framework in Frameworks */,
				21E2F3682468508A00EFB205 /* CareKitStore.framework in Frameworks */,
				21E2F35F24684F5C00EFB205 /* Alamofire.framework in Frameworks */,
			);
			runOnlyForDeploymentPostprocessing = 0;
		};
/* End PBXFrameworksBuildPhase section */

/* Begin PBXGroup section */
		213436D723098A42006B1CA8 = {
			isa = PBXGroup;
			children = (
				213436E223098A42006B1CA8 /* Benson */,
				21743E6023D0FE8C00F49CC3 /* BensonWatchApp */,
				21743E6F23D0FE9400F49CC3 /* BensonWatchApp Extension */,
				213436E123098A42006B1CA8 /* Products */,
				E1B3C5F3A2F32C62968879A2 /* Frameworks */,
			);
			sourceTree = "<group>";
		};
		213436E123098A42006B1CA8 /* Products */ = {
			isa = PBXGroup;
			children = (
				213436E023098A42006B1CA8 /* Benson.app */,
			);
			name = Products;
			sourceTree = "<group>";
		};
		213436E223098A42006B1CA8 /* Benson */ = {
			isa = PBXGroup;
			children = (
				212B86C5239D477600CE9C41 /* Benson.entitlements */,
				213436E323098A42006B1CA8 /* AppDelegate.swift */,
				213436E923098A42006B1CA8 /* Main.storyboard */,
				213436EC23098A43006B1CA8 /* Assets.xcassets */,
				213436EE23098A43006B1CA8 /* LaunchScreen.storyboard */,
				213436F123098A43006B1CA8 /* Info.plist */,
				217BEFC12395BC4B0076DF02 /* Views */,
				217BEFC02395BC390076DF02 /* View Controllers */,
				21B013F62381EE45008FF7BB /* Assets */,
				21532F56247304F00054AC84 /* Model */,
				21FC4EA8238D185800578DE5 /* Utils */,
			);
			path = Benson;
			sourceTree = "<group>";
		};
		21532F56247304F00054AC84 /* Model */ = {
			isa = PBXGroup;
			children = (
				216CAA6F237A010E004D6B8E /* YPDCheckin.swift */,
				21AF6BB324785E2C001F4E30 /* sample_chart_data.json */,
				21532F57247305040054AC84 /* StaticData.swift */,
				21532F5924730B1F0054AC84 /* Chart.swift */,
				2149410E249E305600EEF05A /* YPDModel.swift */,
				21CEB34024BA1B1000F19C46 /* YPDInsight.swift */,
			);
			path = Model;
			sourceTree = "<group>";
		};
		21532F5B24730F410054AC84 /* Wrappers */ = {
			isa = PBXGroup;
			children = (
				21532F5E24730F660054AC84 /* OCKCartesianChartViewWrapper.swift */,
			);
			path = Wrappers;
			sourceTree = "<group>";
		};
		21743E6023D0FE8C00F49CC3 /* BensonWatchApp */ = {
			isa = PBXGroup;
			children = (
				21743E6123D0FE8C00F49CC3 /* Interface.storyboard */,
				21743E6423D0FE9400F49CC3 /* Assets.xcassets */,
				21743E6623D0FE9400F49CC3 /* Info.plist */,
			);
			path = BensonWatchApp;
			sourceTree = "<group>";
		};
		21743E6F23D0FE9400F49CC3 /* BensonWatchApp Extension */ = {
			isa = PBXGroup;
			children = (
				21743E7023D0FE9400F49CC3 /* ContentView.swift */,
				21743E7223D0FE9400F49CC3 /* HostingController.swift */,
				21743E7423D0FE9400F49CC3 /* ExtensionDelegate.swift */,
				21743E7623D0FE9400F49CC3 /* NotificationController.swift */,
				21743E7823D0FE9400F49CC3 /* NotificationView.swift */,
				21743E7A23D0FE9600F49CC3 /* Assets.xcassets */,
				21743E7F23D0FE9600F49CC3 /* Info.plist */,
				21743E8023D0FE9600F49CC3 /* PushNotificationPayload.apns */,
				21743E7C23D0FE9600F49CC3 /* Preview Content */,
			);
			path = "BensonWatchApp Extension";
			sourceTree = "<group>";
		};
		21743E7C23D0FE9600F49CC3 /* Preview Content */ = {
			isa = PBXGroup;
			children = (
				21743E7D23D0FE9600F49CC3 /* Preview Assets.xcassets */,
			);
			path = "Preview Content";
			sourceTree = "<group>";
		};
		217BEFC02395BC390076DF02 /* View Controllers */ = {
			isa = PBXGroup;
			children = (
				213436E523098A42006B1CA8 /* RecordViewController.swift */,
				21938DBD2315552C0066B90B /* LogViewController.swift */,
				2110620B243A374E00348E78 /* YPDInsightsViewController.swift */,
				21938DBF23155E690066B90B /* TabBarViewController.swift */,
				215F316124119B520093409F /* YPDRecordViewController.swift */,
				2132F658247B0F8500712616 /* YPDSummaryViewController.swift */,
				216CE748248401A400B195C6 /* YPDSubmitCheckinViewController.swift */,
				21B0D6E6249E2A310080B58A /* YPDTabBarViewController.swift */,
			);
			path = "View Controllers";
			sourceTree = "<group>";
		};
		217BEFC12395BC4B0076DF02 /* Views */ = {
			isa = PBXGroup;
			children = (
				21FEE7D424C4E7A000C6207A /* YPDCardView.swift */,
				21532F5B24730F410054AC84 /* Wrappers */,
				21E2F375246878AF00EFB205 /* YPDRecentCheckinView.swift */,
				2127B00E2430E5B900B8D0B1 /* YPDSummaryIndividualMetricInsightView.swift */,
				21010094242D4CBC0010ED8D /* YPDIndividualInsightSummaryView.swift */,
				21BF588424B655D0009F6B1B /* YPDInsightsView.swift */,
				2101009A242EA0D70010ED8D /* YPDInsightProgressBarView.swift */,
				213436FB2309AD9F006B1CA8 /* MetricPromptView.swift */,
				21734667240AC7C100B22219 /* BensonChartView.swift */,
				213436F72309A764006B1CA8 /* GradientView.swift */,
				21E2F37724687A3F00EFB205 /* YPDProgressBar.swift */,
				21532F532472FE600054AC84 /* YPDSummaryView.swift */,
				21FEE7D224C4E18600C6207A /* YPDRecentCheckinsView.swift */,
				21BD46252481A3900077DCD7 /* YPDCheckinsView.swift */,
				219C7D712482CAC50052AF72 /* YPDAttributePicker.swift */,
				21DF333B2482CCCE00D18EBC /* YPDTimeUnitPicker.swift */,
				21DF333D2482D31800D18EBC /* YPDSubmitCheckinView.swift */,
				218241B82482DC8500B85C3E /* YPDButton.swift */,
				218241BC2482E43200B85C3E /* YPDCheckinPromptView.swift */,
				2136C98A249D422900ECE95E /* YPDTabBarView.swift */,
			);
			path = Views;
			sourceTree = "<group>";
		};
		21B013F52381EE21008FF7BB /* CellComponent */ = {
			isa = PBXGroup;
			children = (
				21880FBA23806ED000A02055 /* MetricCellValueComponent.swift */,
				21880FC0238093B100A02055 /* MetricCellValueComponent.xib */,
			);
			path = CellComponent;
			sourceTree = "<group>";
		};
		21B013F62381EE45008FF7BB /* Assets */ = {
			isa = PBXGroup;
			children = (
				21C58F362327BCBB007EE5F1 /* CheckinCollectionViewCell.swift */,
				212EEE982318685D00C01AD8 /* BensonButton.swift */,
				21B013F52381EE21008FF7BB /* CellComponent */,
			);
			path = Assets;
			sourceTree = "<group>";
		};
		21FC4EA8238D185800578DE5 /* Utils */ = {
			isa = PBXGroup;
			children = (
				2184B01F238D11F900FE96EA /* Fetcher.swift */,
				21471734239C4E2300E4226F /* Notifications.swift */,
				212B86C8239D483500CE9C41 /* BensonHealthManager.swift */,
				21734670240AF9C700B22219 /* Sample.swift */,
				2127B0102430E67F00B8D0B1 /* Extensions.swift */,
				21BD462324819E1F0077DCD7 /* Constants.swift */,
				21F8C30D24BA260B00F7B3BB /* moment.swift */,
				21F8C30F24BA262700F7B3BB /* moment-with-locales.min.js */,
			);
			path = Utils;
			sourceTree = "<group>";
		};
		E1B3C5F3A2F32C62968879A2 /* Frameworks */ = {
			isa = PBXGroup;
			children = (
				21E2F3712468518C00EFB205 /* SwiftyJSON.framework */,
				21E2F36D2468512200EFB205 /* ResearchKit.framework */,
				21E2F36A2468508D00EFB205 /* CareKitUI.framework */,
				21E2F3672468508900EFB205 /* CareKitStore.framework */,
				21E2F3632468508400EFB205 /* CareKit.framework */,
				21E2F35E24684F5B00EFB205 /* Alamofire.framework */,
				212B86C6239D477600CE9C41 /* HealthKit.framework */,
				217B614724B9E8FD00E88B04 /* WidgetKit.framework */,
				217B614924B9E8FD00E88B04 /* SwiftUI.framework */,
			);
			name = Frameworks;
			sourceTree = "<group>";
		};
/* End PBXGroup section */

/* Begin PBXNativeTarget section */
		213436DF23098A42006B1CA8 /* Benson */ = {
			isa = PBXNativeTarget;
			buildConfigurationList = 213436F423098A43006B1CA8 /* Build configuration list for PBXNativeTarget "Benson" */;
			buildPhases = (
				213436DC23098A42006B1CA8 /* Sources */,
				213436DD23098A42006B1CA8 /* Frameworks */,
				213436DE23098A42006B1CA8 /* Resources */,
				21743E8423D0FE9600F49CC3 /* Embed Watch Content */,
				21E2F36224684F9000EFB205 /* ShellScript */,
				217B615724B9E8FF00E88B04 /* Embed App Extensions */,
			);
			buildRules = (
			);
			dependencies = (
			);
			name = Benson;
			packageProductDependencies = (
			);
			productName = Benson;
			productReference = 213436E023098A42006B1CA8 /* Benson.app */;
			productType = "com.apple.product-type.application";
		};
/* End PBXNativeTarget section */

/* Begin PBXProject section */
		213436D823098A42006B1CA8 /* Project object */ = {
			isa = PBXProject;
			attributes = {
				LastSwiftUpdateCheck = 1200;
				LastUpgradeCheck = 1020;
				ORGANIZATIONNAME = Ventr;
				TargetAttributes = {
					213436DF23098A42006B1CA8 = {
						CreatedOnToolsVersion = 10.2.1;
						ProvisioningStyle = Automatic;
					};
				};
			};
			buildConfigurationList = 213436DB23098A42006B1CA8 /* Build configuration list for PBXProject "Benson" */;
			compatibilityVersion = "Xcode 8.0";
			developmentRegion = en;
			hasScannedForEncodings = 0;
			knownRegions = (
				en,
				Base,
			);
			mainGroup = 213436D723098A42006B1CA8;
			packageReferences = (
			);
			productRefGroup = 213436E123098A42006B1CA8 /* Products */;
			projectDirPath = "";
			projectRoot = "";
			targets = (
				213436DF23098A42006B1CA8 /* Benson */,
			);
		};
/* End PBXProject section */

/* Begin PBXResourcesBuildPhase section */
		213436DE23098A42006B1CA8 /* Resources */ = {
			isa = PBXResourcesBuildPhase;
			buildActionMask = 2147483647;
			files = (
				21F8C31024BA262700F7B3BB /* moment-with-locales.min.js in Resources */,
				213436F023098A43006B1CA8 /* LaunchScreen.storyboard in Resources */,
				21880FC1238093B100A02055 /* MetricCellValueComponent.xib in Resources */,
				213436ED23098A43006B1CA8 /* Assets.xcassets in Resources */,
				213436EB23098A42006B1CA8 /* Main.storyboard in Resources */,
				21AF6BB424785E2C001F4E30 /* sample_chart_data.json in Resources */,
			);
			runOnlyForDeploymentPostprocessing = 0;
		};
/* End PBXResourcesBuildPhase section */

/* Begin PBXShellScriptBuildPhase section */
		21E2F36224684F9000EFB205 /* ShellScript */ = {
			isa = PBXShellScriptBuildPhase;
			buildActionMask = 2147483647;
			files = (
			);
			inputFileListPaths = (
			);
			inputPaths = (
				"$(SRCROOT)/Carthage/Build/iOS/Alamofire.framework",
				"$(SRCROOT)/Carthage/Build/iOS/CareKit.framework",
				"$(SRCROOT)/Carthage/Build/iOS/CareKitUI.framework",
				"$(SRCROOT)/Carthage/Build/iOS/CareKitStore.framework",
				"$(SRCROOT)/Carthage/Build/iOS/ResearchKit.framework",
				"$(SRCROOT)/Carthage/Build/iOS/SwiftyJSON.framework",
			);
			outputFileListPaths = (
			);
			outputPaths = (
			);
			runOnlyForDeploymentPostprocessing = 0;
			shellPath = /bin/sh;
			shellScript = "# Type a script or drag a script file from your workspace to insert its path.\n/usr/local/bin/carthage copy-frameworks\n";
		};
/* End PBXShellScriptBuildPhase section */

/* Begin PBXSourcesBuildPhase section */
		213436DC23098A42006B1CA8 /* Sources */ = {
			isa = PBXSourcesBuildPhase;
			buildActionMask = 2147483647;
			files = (
				21DF333E2482D31800D18EBC /* YPDSubmitCheckinView.swift in Sources */,
				21CEB34124BA1B1000F19C46 /* YPDInsight.swift in Sources */,
				21471735239C4E2300E4226F /* Notifications.swift in Sources */,
				218241BD2482E43200B85C3E /* YPDCheckinPromptView.swift in Sources */,
				213436E423098A42006B1CA8 /* AppDelegate.swift in Sources */,
				21BD46262481A3900077DCD7 /* YPDCheckinsView.swift in Sources */,
				2184B020238D11F900FE96EA /* Fetcher.swift in Sources */,
				21FEE7D324C4E18700C6207A /* YPDRecentCheckinsView.swift in Sources */,
				21E2F37824687A3F00EFB205 /* YPDProgressBar.swift in Sources */,
				2101009B242EA0D70010ED8D /* YPDInsightProgressBarView.swift in Sources */,
				21BD462424819E1F0077DCD7 /* Constants.swift in Sources */,
				21BF588524B655D0009F6B1B /* YPDInsightsView.swift in Sources */,
				2149410F249E305600EEF05A /* YPDModel.swift in Sources */,
				21532F542472FE600054AC84 /* YPDSummaryView.swift in Sources */,
				21B0D6E7249E2A310080B58A /* YPDTabBarViewController.swift in Sources */,
				21010095242D4CBC0010ED8D /* YPDIndividualInsightSummaryView.swift in Sources */,
				215F316224119B520093409F /* YPDRecordViewController.swift in Sources */,
				212EEE992318685D00C01AD8 /* BensonButton.swift in Sources */,
				21F8C30E24BA260B00F7B3BB /* moment.swift in Sources */,
				216CAA70237A010E004D6B8E /* YPDCheckin.swift in Sources */,
				21DF333C2482CCCE00D18EBC /* YPDTimeUnitPicker.swift in Sources */,
				21532F5F24730F660054AC84 /* OCKCartesianChartViewWrapper.swift in Sources */,
				21532F58247305040054AC84 /* StaticData.swift in Sources */,
				21938DBE2315552C0066B90B /* LogViewController.swift in Sources */,
				213436E623098A42006B1CA8 /* RecordViewController.swift in Sources */,
				213436FC2309AD9F006B1CA8 /* MetricPromptView.swift in Sources */,
				219C7D722482CAC50052AF72 /* YPDAttributePicker.swift in Sources */,
				218241B92482DC8500B85C3E /* YPDButton.swift in Sources */,
				21938DC023155E690066B90B /* TabBarViewController.swift in Sources */,
				212B86C9239D483500CE9C41 /* BensonHealthManager.swift in Sources */,
				21FEE7D524C4E7A000C6207A /* YPDCardView.swift in Sources */,
				21734671240AF9C700B22219 /* Sample.swift in Sources */,
				21C58F372327BCBB007EE5F1 /* CheckinCollectionViewCell.swift in Sources */,
				216CE749248401A400B195C6 /* YPDSubmitCheckinViewController.swift in Sources */,
				2110620C243A374E00348E78 /* YPDInsightsViewController.swift in Sources */,
				2127B0112430E67F00B8D0B1 /* Extensions.swift in Sources */,
				21532F5A24730B1F0054AC84 /* Chart.swift in Sources */,
				2136C98B249D422900ECE95E /* YPDTabBarView.swift in Sources */,
				213436F82309A764006B1CA8 /* GradientView.swift in Sources */,
				21734668240AC7C100B22219 /* BensonChartView.swift in Sources */,
				2127B00F2430E5B900B8D0B1 /* YPDSummaryIndividualMetricInsightView.swift in Sources */,
				21880FBB23806ED000A02055 /* MetricCellValueComponent.swift in Sources */,
				21E2F376246878AF00EFB205 /* YPDRecentCheckinView.swift in Sources */,
				2132F659247B0F8500712616 /* YPDSummaryViewController.swift in Sources */,
			);
			runOnlyForDeploymentPostprocessing = 0;
		};
/* End PBXSourcesBuildPhase section */

/* Begin PBXVariantGroup section */
		213436E923098A42006B1CA8 /* Main.storyboard */ = {
			isa = PBXVariantGroup;
			children = (
				213436EA23098A42006B1CA8 /* Base */,
			);
			name = Main.storyboard;
			sourceTree = "<group>";
		};
		213436EE23098A43006B1CA8 /* LaunchScreen.storyboard */ = {
			isa = PBXVariantGroup;
			children = (
				213436EF23098A43006B1CA8 /* Base */,
			);
			name = LaunchScreen.storyboard;
			sourceTree = "<group>";
		};
		21743E6123D0FE8C00F49CC3 /* Interface.storyboard */ = {
			isa = PBXVariantGroup;
			children = (
				21743E6223D0FE8C00F49CC3 /* Base */,
			);
			name = Interface.storyboard;
			sourceTree = "<group>";
		};
/* End PBXVariantGroup section */

/* Begin XCBuildConfiguration section */
		213436F223098A43006B1CA8 /* Debug */ = {
			isa = XCBuildConfiguration;
			buildSettings = {
				ALWAYS_SEARCH_USER_PATHS = NO;
				API_ENDPOINT = "https://benson-backend.herokuapp.com/api/v1/";
				CLANG_ANALYZER_NONNULL = YES;
				CLANG_ANALYZER_NUMBER_OBJECT_CONVERSION = YES_AGGRESSIVE;
				CLANG_CXX_LANGUAGE_STANDARD = "gnu++14";
				CLANG_CXX_LIBRARY = "libc++";
				CLANG_ENABLE_MODULES = YES;
				CLANG_ENABLE_OBJC_ARC = YES;
				CLANG_ENABLE_OBJC_WEAK = YES;
				CLANG_WARN_BLOCK_CAPTURE_AUTORELEASING = YES;
				CLANG_WARN_BOOL_CONVERSION = YES;
				CLANG_WARN_COMMA = YES;
				CLANG_WARN_CONSTANT_CONVERSION = YES;
				CLANG_WARN_DEPRECATED_OBJC_IMPLEMENTATIONS = YES;
				CLANG_WARN_DIRECT_OBJC_ISA_USAGE = YES_ERROR;
				CLANG_WARN_DOCUMENTATION_COMMENTS = YES;
				CLANG_WARN_EMPTY_BODY = YES;
				CLANG_WARN_ENUM_CONVERSION = YES;
				CLANG_WARN_INFINITE_RECURSION = YES;
				CLANG_WARN_INT_CONVERSION = YES;
				CLANG_WARN_NON_LITERAL_NULL_CONVERSION = YES;
				CLANG_WARN_OBJC_IMPLICIT_RETAIN_SELF = YES;
				CLANG_WARN_OBJC_LITERAL_CONVERSION = YES;
				CLANG_WARN_OBJC_ROOT_CLASS = YES_ERROR;
				CLANG_WARN_RANGE_LOOP_ANALYSIS = YES;
				CLANG_WARN_STRICT_PROTOTYPES = YES;
				CLANG_WARN_SUSPICIOUS_MOVE = YES;
				CLANG_WARN_UNGUARDED_AVAILABILITY = YES_AGGRESSIVE;
				CLANG_WARN_UNREACHABLE_CODE = YES;
				CLANG_WARN__DUPLICATE_METHOD_MATCH = YES;
				CODE_SIGN_IDENTITY = "iPhone Developer";
				COPY_PHASE_STRIP = NO;
				DEBUG_INFORMATION_FORMAT = dwarf;
				ENABLE_STRICT_OBJC_MSGSEND = YES;
				ENABLE_TESTABILITY = YES;
				GCC_C_LANGUAGE_STANDARD = gnu11;
				GCC_DYNAMIC_NO_PIC = NO;
				GCC_NO_COMMON_BLOCKS = YES;
				GCC_OPTIMIZATION_LEVEL = 0;
				GCC_PREPROCESSOR_DEFINITIONS = (
					"DEBUG=1",
					"$(inherited)",
				);
				GCC_WARN_64_TO_32_BIT_CONVERSION = YES;
				GCC_WARN_ABOUT_RETURN_TYPE = YES_ERROR;
				GCC_WARN_UNDECLARED_SELECTOR = YES;
				GCC_WARN_UNINITIALIZED_AUTOS = YES_AGGRESSIVE;
				GCC_WARN_UNUSED_FUNCTION = YES;
				GCC_WARN_UNUSED_VARIABLE = YES;
				IPHONEOS_DEPLOYMENT_TARGET = 13.0;
				MTL_ENABLE_DEBUG_INFO = INCLUDE_SOURCE;
				MTL_FAST_MATH = YES;
				ONLY_ACTIVE_ARCH = YES;
				SDKROOT = iphoneos;
				SWIFT_ACTIVE_COMPILATION_CONDITIONS = DEBUG;
				SWIFT_OPTIMIZATION_LEVEL = "-Onone";
			};
			name = Debug;
		};
		213436F323098A43006B1CA8 /* Release */ = {
			isa = XCBuildConfiguration;
			buildSettings = {
				ALWAYS_SEARCH_USER_PATHS = NO;
				API_ENDPOINT = "https://benson-backend.herokuapp.com/api/v1/";
				CLANG_ANALYZER_NONNULL = YES;
				CLANG_ANALYZER_NUMBER_OBJECT_CONVERSION = YES_AGGRESSIVE;
				CLANG_CXX_LANGUAGE_STANDARD = "gnu++14";
				CLANG_CXX_LIBRARY = "libc++";
				CLANG_ENABLE_MODULES = YES;
				CLANG_ENABLE_OBJC_ARC = YES;
				CLANG_ENABLE_OBJC_WEAK = YES;
				CLANG_WARN_BLOCK_CAPTURE_AUTORELEASING = YES;
				CLANG_WARN_BOOL_CONVERSION = YES;
				CLANG_WARN_COMMA = YES;
				CLANG_WARN_CONSTANT_CONVERSION = YES;
				CLANG_WARN_DEPRECATED_OBJC_IMPLEMENTATIONS = YES;
				CLANG_WARN_DIRECT_OBJC_ISA_USAGE = YES_ERROR;
				CLANG_WARN_DOCUMENTATION_COMMENTS = YES;
				CLANG_WARN_EMPTY_BODY = YES;
				CLANG_WARN_ENUM_CONVERSION = YES;
				CLANG_WARN_INFINITE_RECURSION = YES;
				CLANG_WARN_INT_CONVERSION = YES;
				CLANG_WARN_NON_LITERAL_NULL_CONVERSION = YES;
				CLANG_WARN_OBJC_IMPLICIT_RETAIN_SELF = YES;
				CLANG_WARN_OBJC_LITERAL_CONVERSION = YES;
				CLANG_WARN_OBJC_ROOT_CLASS = YES_ERROR;
				CLANG_WARN_RANGE_LOOP_ANALYSIS = YES;
				CLANG_WARN_STRICT_PROTOTYPES = YES;
				CLANG_WARN_SUSPICIOUS_MOVE = YES;
				CLANG_WARN_UNGUARDED_AVAILABILITY = YES_AGGRESSIVE;
				CLANG_WARN_UNREACHABLE_CODE = YES;
				CLANG_WARN__DUPLICATE_METHOD_MATCH = YES;
				CODE_SIGN_IDENTITY = "iPhone Developer";
				COPY_PHASE_STRIP = NO;
				DEBUG_INFORMATION_FORMAT = "dwarf-with-dsym";
				ENABLE_NS_ASSERTIONS = NO;
				ENABLE_STRICT_OBJC_MSGSEND = YES;
				GCC_C_LANGUAGE_STANDARD = gnu11;
				GCC_NO_COMMON_BLOCKS = YES;
				GCC_WARN_64_TO_32_BIT_CONVERSION = YES;
				GCC_WARN_ABOUT_RETURN_TYPE = YES_ERROR;
				GCC_WARN_UNDECLARED_SELECTOR = YES;
				GCC_WARN_UNINITIALIZED_AUTOS = YES_AGGRESSIVE;
				GCC_WARN_UNUSED_FUNCTION = YES;
				GCC_WARN_UNUSED_VARIABLE = YES;
				IPHONEOS_DEPLOYMENT_TARGET = 13.0;
				MTL_ENABLE_DEBUG_INFO = NO;
				MTL_FAST_MATH = YES;
				SDKROOT = iphoneos;
				SWIFT_OPTIMIZATION_LEVEL = "-Owholemodule";
				VALIDATE_PRODUCT = YES;
			};
			name = Release;
		};
		213436F523098A43006B1CA8 /* Debug */ = {
			isa = XCBuildConfiguration;
			buildSettings = {
				ALWAYS_EMBED_SWIFT_STANDARD_LIBRARIES = YES;
				ASSETCATALOG_COMPILER_APPICON_NAME = AppIcon;
				CODE_SIGN_ENTITLEMENTS = Benson/Benson.entitlements;
				CODE_SIGN_IDENTITY = "Apple Development";
				CODE_SIGN_STYLE = Automatic;
				DEVELOPMENT_TEAM = A5YJ22GHFR;
				FRAMEWORK_SEARCH_PATHS = (
					"$(inherited)",
					"$(PROJECT_DIR)/Carthage/Build/iOS",
				);
				INFOPLIST_FILE = Benson/Info.plist;
				LD_RUNPATH_SEARCH_PATHS = "$(inherited) @executable_path/Frameworks";
				PRODUCT_BUNDLE_IDENTIFIER = com.ventr.YourPerfectDay;
				PRODUCT_NAME = "$(TARGET_NAME)";
				PROVISIONING_PROFILE_SPECIFIER = "";
				SWIFT_VERSION = 5.0;
				TARGETED_DEVICE_FAMILY = "1,2";
			};
			name = Debug;
		};
		213436F623098A43006B1CA8 /* Release */ = {
			isa = XCBuildConfiguration;
			buildSettings = {
				ALWAYS_EMBED_SWIFT_STANDARD_LIBRARIES = YES;
				ASSETCATALOG_COMPILER_APPICON_NAME = AppIcon;
				CODE_SIGN_ENTITLEMENTS = Benson/Benson.entitlements;
				CODE_SIGN_IDENTITY = "Apple Development";
				CODE_SIGN_STYLE = Automatic;
				DEVELOPMENT_TEAM = A5YJ22GHFR;
				FRAMEWORK_SEARCH_PATHS = (
					"$(inherited)",
					"$(PROJECT_DIR)/Carthage/Build/iOS",
				);
				INFOPLIST_FILE = Benson/Info.plist;
				LD_RUNPATH_SEARCH_PATHS = "$(inherited) @executable_path/Frameworks";
				PRODUCT_BUNDLE_IDENTIFIER = com.ventr.YourPerfectDay;
				PRODUCT_NAME = "$(TARGET_NAME)";
				PROVISIONING_PROFILE_SPECIFIER = "";
				SWIFT_VERSION = 5.0;
				TARGETED_DEVICE_FAMILY = "1,2";
			};
			name = Release;
		};
/* End XCBuildConfiguration section */

/* Begin XCConfigurationList section */
		213436DB23098A42006B1CA8 /* Build configuration list for PBXProject "Benson" */ = {
			isa = XCConfigurationList;
			buildConfigurations = (
				213436F223098A43006B1CA8 /* Debug */,
				213436F323098A43006B1CA8 /* Release */,
			);
			defaultConfigurationIsVisible = 0;
			defaultConfigurationName = Release;
		};
		213436F423098A43006B1CA8 /* Build configuration list for PBXNativeTarget "Benson" */ = {
			isa = XCConfigurationList;
			buildConfigurations = (
				213436F523098A43006B1CA8 /* Debug */,
				213436F623098A43006B1CA8 /* Release */,
			);
			defaultConfigurationIsVisible = 0;
			defaultConfigurationName = Release;
		};
/* End XCConfigurationList section */
	};
	rootObject = 213436D823098A42006B1CA8 /* Project object */;
}
