PODS:
  - Alamofire (5.0.0-rc.3)
  - ResearchKit (2.1.0-beta)
  - SwiftyJSON (4.3.0)

DEPENDENCIES:
  - Alamofire (~> 5.0.0-beta.5)
  - ResearchKit (from `https://github.com/ResearchKit/ResearchKit`)
  - SwiftyJSON (~> 4.0)

SPEC REPOS:
  https://github.com/cocoapods/specs.git:
    - Alamofire
    - SwiftyJSON

EXTERNAL SOURCES:
  ResearchKit:
    :git: https://github.com/ResearchKit/ResearchKit

CHECKOUT OPTIONS:
  ResearchKit:
    :commit: ac7c63fc1bd89253ada7b04939d3851422b4a79f
    :git: https://github.com/ResearchKit/ResearchKit

SPEC CHECKSUMS:
  Alamofire: ca8c0de6906873be89d6deec5c8de279e00bf872
  ResearchKit: ebfb81445165a1b7841c3f0bc1d1f212c69472e6
  SwiftyJSON: 6faa0040f8b59dead0ee07436cbf76b73c08fd08

PODFILE CHECKSUM: e89c50ae7c3b605ae64ac415da16f524666f9782

COCOAPODS: 1.5.3
